
Microsoft Visual Studio Solution File, Format Version 12.00
# Visual Studio Version 16
VisualStudioVersion = 16.0.30330.147
MinimumVisualStudioVersion = 10.0.40219.1
Project("{FAE04EC0-301F-11D3-BF4B-00C04F79EFBC}") = "Bio", "Bio\Bio.csproj", "{E37710FF-7B96-4717-98AE-2A2B2130F79A}"
EndProject
Global
	GlobalSection(SolutionConfigurationPlatforms) = preSolution
		Debug|Any CPU = Debug|Any CPU
		Release|Any CPU = Release|Any CPU
	EndGlobalSection
	GlobalSection(ProjectConfigurationPlatforms) = postSolution
		{E37710FF-7B96-4717-98AE-2A2B2130F79A}.Debug|Any CPU.ActiveCfg = Debug|Any CPU
		{E37710FF-7B96-4717-98AE-2A2B2130F79A}.Debug|Any CPU.Build.0 = Debug|Any CPU
		{E37710FF-7B96-4717-98AE-2A2B2130F79A}.Release|Any CPU.ActiveCfg = Release|Any CPU
		{E37710FF-7B96-4717-98AE-2A2B2130F79A}.Release|Any CPU.Build.0 = Release|Any CPU
	EndGlobalSection
	GlobalSection(SolutionProperties) = preSolution
		HideSolutionNode = FALSE
	EndGlobalSection
	GlobalSection(ExtensibilityGlobals) = postSolution
		SolutionGuid = {B00ADCE8-8BA2-423F-A61C-32A96B157041}
	EndGlobalSection
EndGlobal
